
Microsoft Visual Studio Solution File, Format Version 12.00
# Visual Studio Version 17
VisualStudioVersion = 17.3.32519.111
MinimumVisualStudioVersion = 10.0.40219.1
Project("{FAE04EC0-301F-11D3-BF4B-00C04F79EFBC}") = "TelePhysics.NET", "TelePhysics.NET\TelePhysics.NET.csproj", "{C638DF9C-B5EE-4375-9A5B-21BEA06CB386}"
EndProject
Global
	GlobalSection(SolutionConfigurationPlatforms) = preSolution
		Debug|Any CPU = Debug|Any CPU
		Release|Any CPU = Release|Any CPU
	EndGlobalSection
	GlobalSection(ProjectConfigurationPlatforms) = postSolution
		{C638DF9C-B5EE-4375-9A5B-21BEA06CB386}.Debug|Any CPU.ActiveCfg = Debug|Any CPU
		{C638DF9C-B5EE-4375-9A5B-21BEA06CB386}.Debug|Any CPU.Build.0 = Debug|Any CPU
		{C638DF9C-B5EE-4375-9A5B-21BEA06CB386}.Release|Any CPU.ActiveCfg = Release|Any CPU
		{C638DF9C-B5EE-4375-9A5B-21BEA06CB386}.Release|Any CPU.Build.0 = Release|Any CPU
	EndGlobalSection
	GlobalSection(SolutionProperties) = preSolution
		HideSolutionNode = FALSE
	EndGlobalSection
	GlobalSection(ExtensibilityGlobals) = postSolution
		SolutionGuid = {87C7F5D9-73B3-4EE7-BA75-7C804509B08E}
	EndGlobalSection
EndGlobal
